// !$*UTF8*$!
{
	archiveVersion = 1;
	classes = {
	};
	objectVersion = 46;
	objects = {

/* Begin PBXBuildFile section */
		037F120F1C3EFC378B7BF047 /* Pods_BytePad_iOSTests.framework in Frameworks */ = {isa = PBXBuildFile; fileRef = 7646657FBD814047F5EA61B8 /* Pods_BytePad_iOSTests.framework */; };
		4B01FB651DD7A02100F67DE8 /* AppDelegate.swift in Sources */ = {isa = PBXBuildFile; fileRef = 4B01FB641DD7A02100F67DE8 /* AppDelegate.swift */; };
		4B01FB671DD7A02100F67DE8 /* SearchViewController.swift in Sources */ = {isa = PBXBuildFile; fileRef = 4B01FB661DD7A02100F67DE8 /* SearchViewController.swift */; };
		4B01FB6A1DD7A02100F67DE8 /* Main.storyboard in Resources */ = {isa = PBXBuildFile; fileRef = 4B01FB681DD7A02100F67DE8 /* Main.storyboard */; };
		4B01FB6C1DD7A02100F67DE8 /* Assets.xcassets in Resources */ = {isa = PBXBuildFile; fileRef = 4B01FB6B1DD7A02100F67DE8 /* Assets.xcassets */; };
		4B01FB6F1DD7A02100F67DE8 /* LaunchScreen.storyboard in Resources */ = {isa = PBXBuildFile; fileRef = 4B01FB6D1DD7A02100F67DE8 /* LaunchScreen.storyboard */; };
		4B01FB7A1DD7A02100F67DE8 /* BytePad_iOSTests.swift in Sources */ = {isa = PBXBuildFile; fileRef = 4B01FB791DD7A02100F67DE8 /* BytePad_iOSTests.swift */; };
		4B01FB851DD7A02100F67DE8 /* BytePad_iOSUITests.swift in Sources */ = {isa = PBXBuildFile; fileRef = 4B01FB841DD7A02100F67DE8 /* BytePad_iOSUITests.swift */; };
		4B01FB971DD7B7AC00F67DE8 /* DownloadsViewController.swift in Sources */ = {isa = PBXBuildFile; fileRef = 4B01FB961DD7B7AC00F67DE8 /* DownloadsViewController.swift */; };
		782D53ACC47ABBE3C5AECBD6 /* Pods_BytePad_iOS.framework in Frameworks */ = {isa = PBXBuildFile; fileRef = CCE452CA7CF2650D5AA6B768 /* Pods_BytePad_iOS.framework */; };
		BA365A032ED85EF818F8AF5B /* Pods_BytePad_iOSUITests.framework in Frameworks */ = {isa = PBXBuildFile; fileRef = 5FDC1EDC31136040490080E6 /* Pods_BytePad_iOSUITests.framework */; };
/* End PBXBuildFile section */

/* Begin PBXContainerItemProxy section */
		4B01FB761DD7A02100F67DE8 /* PBXContainerItemProxy */ = {
			isa = PBXContainerItemProxy;
			containerPortal = 4B01FB591DD7A02100F67DE8 /* Project object */;
			proxyType = 1;
			remoteGlobalIDString = 4B01FB601DD7A02100F67DE8;
			remoteInfo = "BytePad-iOS";
		};
		4B01FB811DD7A02100F67DE8 /* PBXContainerItemProxy */ = {
			isa = PBXContainerItemProxy;
			containerPortal = 4B01FB591DD7A02100F67DE8 /* Project object */;
			proxyType = 1;
			remoteGlobalIDString = 4B01FB601DD7A02100F67DE8;
			remoteInfo = "BytePad-iOS";
		};
/* End PBXContainerItemProxy section */

/* Begin PBXFileReference section */
		24634768B1775B4D79986509 /* Pods-BytePad-iOSUITests.debug.xcconfig */ = {isa = PBXFileReference; includeInIndex = 1; lastKnownFileType = text.xcconfig; name = "Pods-BytePad-iOSUITests.debug.xcconfig"; path = "Pods/Target Support Files/Pods-BytePad-iOSUITests/Pods-BytePad-iOSUITests.debug.xcconfig"; sourceTree = "<group>"; };
		4B01FB611DD7A02100F67DE8 /* BytePad-iOS.app */ = {isa = PBXFileReference; explicitFileType = wrapper.application; includeInIndex = 0; path = "BytePad-iOS.app"; sourceTree = BUILT_PRODUCTS_DIR; };
		4B01FB641DD7A02100F67DE8 /* AppDelegate.swift */ = {isa = PBXFileReference; lastKnownFileType = sourcecode.swift; path = AppDelegate.swift; sourceTree = "<group>"; };
		4B01FB661DD7A02100F67DE8 /* SearchViewController.swift */ = {isa = PBXFileReference; lastKnownFileType = sourcecode.swift; path = SearchViewController.swift; sourceTree = "<group>"; };
		4B01FB691DD7A02100F67DE8 /* Base */ = {isa = PBXFileReference; lastKnownFileType = file.storyboard; name = Base; path = Base.lproj/Main.storyboard; sourceTree = "<group>"; };
		4B01FB6B1DD7A02100F67DE8 /* Assets.xcassets */ = {isa = PBXFileReference; lastKnownFileType = folder.assetcatalog; path = Assets.xcassets; sourceTree = "<group>"; };
		4B01FB6E1DD7A02100F67DE8 /* Base */ = {isa = PBXFileReference; lastKnownFileType = file.storyboard; name = Base; path = Base.lproj/LaunchScreen.storyboard; sourceTree = "<group>"; };
		4B01FB701DD7A02100F67DE8 /* Info.plist */ = {isa = PBXFileReference; lastKnownFileType = text.plist.xml; path = Info.plist; sourceTree = "<group>"; };
		4B01FB751DD7A02100F67DE8 /* BytePad-iOSTests.xctest */ = {isa = PBXFileReference; explicitFileType = wrapper.cfbundle; includeInIndex = 0; path = "BytePad-iOSTests.xctest"; sourceTree = BUILT_PRODUCTS_DIR; };
		4B01FB791DD7A02100F67DE8 /* BytePad_iOSTests.swift */ = {isa = PBXFileReference; lastKnownFileType = sourcecode.swift; path = BytePad_iOSTests.swift; sourceTree = "<group>"; };
		4B01FB7B1DD7A02100F67DE8 /* Info.plist */ = {isa = PBXFileReference; lastKnownFileType = text.plist.xml; path = Info.plist; sourceTree = "<group>"; };
		4B01FB801DD7A02100F67DE8 /* BytePad-iOSUITests.xctest */ = {isa = PBXFileReference; explicitFileType = wrapper.cfbundle; includeInIndex = 0; path = "BytePad-iOSUITests.xctest"; sourceTree = BUILT_PRODUCTS_DIR; };
		4B01FB841DD7A02100F67DE8 /* BytePad_iOSUITests.swift */ = {isa = PBXFileReference; lastKnownFileType = sourcecode.swift; path = BytePad_iOSUITests.swift; sourceTree = "<group>"; };
		4B01FB861DD7A02100F67DE8 /* Info.plist */ = {isa = PBXFileReference; lastKnownFileType = text.plist.xml; path = Info.plist; sourceTree = "<group>"; };
		4B01FB961DD7B7AC00F67DE8 /* DownloadsViewController.swift */ = {isa = PBXFileReference; fileEncoding = 4; lastKnownFileType = sourcecode.swift; path = DownloadsViewController.swift; sourceTree = "<group>"; };
		4EDBFE5985152309C9B2A594 /* Pods-BytePad-iOSUITests.release.xcconfig */ = {isa = PBXFileReference; includeInIndex = 1; lastKnownFileType = text.xcconfig; name = "Pods-BytePad-iOSUITests.release.xcconfig"; path = "Pods/Target Support Files/Pods-BytePad-iOSUITests/Pods-BytePad-iOSUITests.release.xcconfig"; sourceTree = "<group>"; };
		5FDC1EDC31136040490080E6 /* Pods_BytePad_iOSUITests.framework */ = {isa = PBXFileReference; explicitFileType = wrapper.framework; includeInIndex = 0; path = Pods_BytePad_iOSUITests.framework; sourceTree = BUILT_PRODUCTS_DIR; };
		70543745A141FC55E3307497 /* Pods-BytePad-iOS.debug.xcconfig */ = {isa = PBXFileReference; includeInIndex = 1; lastKnownFileType = text.xcconfig; name = "Pods-BytePad-iOS.debug.xcconfig"; path = "Pods/Target Support Files/Pods-BytePad-iOS/Pods-BytePad-iOS.debug.xcconfig"; sourceTree = "<group>"; };
		7135D85C5FD18124E2F76DCF /* Pods-BytePad-iOSTests.debug.xcconfig */ = {isa = PBXFileReference; includeInIndex = 1; lastKnownFileType = text.xcconfig; name = "Pods-BytePad-iOSTests.debug.xcconfig"; path = "Pods/Target Support Files/Pods-BytePad-iOSTests/Pods-BytePad-iOSTests.debug.xcconfig"; sourceTree = "<group>"; };
		7646657FBD814047F5EA61B8 /* Pods_BytePad_iOSTests.framework */ = {isa = PBXFileReference; explicitFileType = wrapper.framework; includeInIndex = 0; path = Pods_BytePad_iOSTests.framework; sourceTree = BUILT_PRODUCTS_DIR; };
		812607964D64FC76116CC081 /* Pods-BytePad-iOS.release.xcconfig */ = {isa = PBXFileReference; includeInIndex = 1; lastKnownFileType = text.xcconfig; name = "Pods-BytePad-iOS.release.xcconfig"; path = "Pods/Target Support Files/Pods-BytePad-iOS/Pods-BytePad-iOS.release.xcconfig"; sourceTree = "<group>"; };
		B808206CCBE2D360E1DEC557 /* Pods-BytePad-iOSTests.release.xcconfig */ = {isa = PBXFileReference; includeInIndex = 1; lastKnownFileType = text.xcconfig; name = "Pods-BytePad-iOSTests.release.xcconfig"; path = "Pods/Target Support Files/Pods-BytePad-iOSTests/Pods-BytePad-iOSTests.release.xcconfig"; sourceTree = "<group>"; };
		CCE452CA7CF2650D5AA6B768 /* Pods_BytePad_iOS.framework */ = {isa = PBXFileReference; explicitFileType = wrapper.framework; includeInIndex = 0; path = Pods_BytePad_iOS.framework; sourceTree = BUILT_PRODUCTS_DIR; };
/* End PBXFileReference section */

/* Begin PBXFrameworksBuildPhase section */
		4B01FB5E1DD7A02100F67DE8 /* Frameworks */ = {
			isa = PBXFrameworksBuildPhase;
			buildActionMask = 2147483647;
			files = (
				782D53ACC47ABBE3C5AECBD6 /* Pods_BytePad_iOS.framework in Frameworks */,
			);
			runOnlyForDeploymentPostprocessing = 0;
		};
		4B01FB721DD7A02100F67DE8 /* Frameworks */ = {
			isa = PBXFrameworksBuildPhase;
			buildActionMask = 2147483647;
			files = (
				037F120F1C3EFC378B7BF047 /* Pods_BytePad_iOSTests.framework in Frameworks */,
			);
			runOnlyForDeploymentPostprocessing = 0;
		};
		4B01FB7D1DD7A02100F67DE8 /* Frameworks */ = {
			isa = PBXFrameworksBuildPhase;
			buildActionMask = 2147483647;
			files = (
				BA365A032ED85EF818F8AF5B /* Pods_BytePad_iOSUITests.framework in Frameworks */,
			);
			runOnlyForDeploymentPostprocessing = 0;
		};
/* End PBXFrameworksBuildPhase section */

/* Begin PBXGroup section */
		4B01FB581DD7A02100F67DE8 = {
			isa = PBXGroup;
			children = (
				4B01FB631DD7A02100F67DE8 /* BytePad-iOS */,
				4B01FB781DD7A02100F67DE8 /* BytePad-iOSTests */,
				4B01FB831DD7A02100F67DE8 /* BytePad-iOSUITests */,
				4B01FB621DD7A02100F67DE8 /* Products */,
				8B31B144DEAB554BCD4A50D3 /* Pods */,
				58713905D3B81EF3311D1564 /* Frameworks */,
			);
			sourceTree = "<group>";
		};
		4B01FB621DD7A02100F67DE8 /* Products */ = {
			isa = PBXGroup;
			children = (
				4B01FB611DD7A02100F67DE8 /* BytePad-iOS.app */,
				4B01FB751DD7A02100F67DE8 /* BytePad-iOSTests.xctest */,
				4B01FB801DD7A02100F67DE8 /* BytePad-iOSUITests.xctest */,
			);
			name = Products;
			sourceTree = "<group>";
		};
		4B01FB631DD7A02100F67DE8 /* BytePad-iOS */ = {
			isa = PBXGroup;
			children = (
				4B01FB931DD7AA5900F67DE8 /* Views */,
				4B01FB921DD7AA3F00F67DE8 /* Controllers */,
				4B01FB641DD7A02100F67DE8 /* AppDelegate.swift */,
				4B01FB6B1DD7A02100F67DE8 /* Assets.xcassets */,
				4B01FB701DD7A02100F67DE8 /* Info.plist */,
			);
			path = "BytePad-iOS";
			sourceTree = "<group>";
		};
		4B01FB781DD7A02100F67DE8 /* BytePad-iOSTests */ = {
			isa = PBXGroup;
			children = (
				4B01FB791DD7A02100F67DE8 /* BytePad_iOSTests.swift */,
				4B01FB7B1DD7A02100F67DE8 /* Info.plist */,
			);
			path = "BytePad-iOSTests";
			sourceTree = "<group>";
		};
		4B01FB831DD7A02100F67DE8 /* BytePad-iOSUITests */ = {
			isa = PBXGroup;
			children = (
				4B01FB841DD7A02100F67DE8 /* BytePad_iOSUITests.swift */,
				4B01FB861DD7A02100F67DE8 /* Info.plist */,
			);
			path = "BytePad-iOSUITests";
			sourceTree = "<group>";
		};
		4B01FB921DD7AA3F00F67DE8 /* Controllers */ = {
			isa = PBXGroup;
			children = (
				4B01FB661DD7A02100F67DE8 /* SearchViewController.swift */,
				4B01FB961DD7B7AC00F67DE8 /* DownloadsViewController.swift */,
			);
			name = Controllers;
			sourceTree = "<group>";
		};
		4B01FB931DD7AA5900F67DE8 /* Views */ = {
			isa = PBXGroup;
			children = (
				4B01FB681DD7A02100F67DE8 /* Main.storyboard */,
				4B01FB6D1DD7A02100F67DE8 /* LaunchScreen.storyboard */,
			);
			name = Views;
			sourceTree = "<group>";
		};
		58713905D3B81EF3311D1564 /* Frameworks */ = {
			isa = PBXGroup;
			children = (
				CCE452CA7CF2650D5AA6B768 /* Pods_BytePad_iOS.framework */,
				7646657FBD814047F5EA61B8 /* Pods_BytePad_iOSTests.framework */,
				5FDC1EDC31136040490080E6 /* Pods_BytePad_iOSUITests.framework */,
			);
			name = Frameworks;
			sourceTree = "<group>";
		};
		8B31B144DEAB554BCD4A50D3 /* Pods */ = {
			isa = PBXGroup;
			children = (
				70543745A141FC55E3307497 /* Pods-BytePad-iOS.debug.xcconfig */,
				812607964D64FC76116CC081 /* Pods-BytePad-iOS.release.xcconfig */,
				7135D85C5FD18124E2F76DCF /* Pods-BytePad-iOSTests.debug.xcconfig */,
				B808206CCBE2D360E1DEC557 /* Pods-BytePad-iOSTests.release.xcconfig */,
				24634768B1775B4D79986509 /* Pods-BytePad-iOSUITests.debug.xcconfig */,
				4EDBFE5985152309C9B2A594 /* Pods-BytePad-iOSUITests.release.xcconfig */,
			);
			name = Pods;
			sourceTree = "<group>";
		};
/* End PBXGroup section */

/* Begin PBXNativeTarget section */
		4B01FB601DD7A02100F67DE8 /* BytePad-iOS */ = {
			isa = PBXNativeTarget;
			buildConfigurationList = 4B01FB891DD7A02100F67DE8 /* Build configuration list for PBXNativeTarget "BytePad-iOS" */;
			buildPhases = (
				A2BE7A0F8ADAA12C8E012A83 /* [CP] Check Pods Manifest.lock */,
				4B01FB5D1DD7A02100F67DE8 /* Sources */,
				4B01FB5E1DD7A02100F67DE8 /* Frameworks */,
				4B01FB5F1DD7A02100F67DE8 /* Resources */,
				695E67FD652F53D3952BC188 /* [CP] Embed Pods Frameworks */,
				3FA45DA8305A11A3CCE2DFDF /* [CP] Copy Pods Resources */,
				4B01FB981DD7BF3500F67DE8 /* ShellScript */,
			);
			buildRules = (
			);
			dependencies = (
			);
			name = "BytePad-iOS";
			productName = "BytePad-iOS";
			productReference = 4B01FB611DD7A02100F67DE8 /* BytePad-iOS.app */;
			productType = "com.apple.product-type.application";
		};
		4B01FB741DD7A02100F67DE8 /* BytePad-iOSTests */ = {
			isa = PBXNativeTarget;
			buildConfigurationList = 4B01FB8C1DD7A02100F67DE8 /* Build configuration list for PBXNativeTarget "BytePad-iOSTests" */;
			buildPhases = (
				FF4006F28B507FFC30FF95F8 /* [CP] Check Pods Manifest.lock */,
				4B01FB711DD7A02100F67DE8 /* Sources */,
				4B01FB721DD7A02100F67DE8 /* Frameworks */,
				4B01FB731DD7A02100F67DE8 /* Resources */,
				80243C56808A8A77E09535B0 /* [CP] Embed Pods Frameworks */,
				9412CB96A607DEC26C41C7D5 /* [CP] Copy Pods Resources */,
			);
			buildRules = (
			);
			dependencies = (
				4B01FB771DD7A02100F67DE8 /* PBXTargetDependency */,
			);
			name = "BytePad-iOSTests";
			productName = "BytePad-iOSTests";
			productReference = 4B01FB751DD7A02100F67DE8 /* BytePad-iOSTests.xctest */;
			productType = "com.apple.product-type.bundle.unit-test";
		};
		4B01FB7F1DD7A02100F67DE8 /* BytePad-iOSUITests */ = {
			isa = PBXNativeTarget;
			buildConfigurationList = 4B01FB8F1DD7A02100F67DE8 /* Build configuration list for PBXNativeTarget "BytePad-iOSUITests" */;
			buildPhases = (
				D1ABD41685AE33ACCEDA2B40 /* [CP] Check Pods Manifest.lock */,
				4B01FB7C1DD7A02100F67DE8 /* Sources */,
				4B01FB7D1DD7A02100F67DE8 /* Frameworks */,
				4B01FB7E1DD7A02100F67DE8 /* Resources */,
				CC4CED08B949131DAC54CBA2 /* [CP] Embed Pods Frameworks */,
				AED8D422EC444E219953FBDD /* [CP] Copy Pods Resources */,
			);
			buildRules = (
			);
			dependencies = (
				4B01FB821DD7A02100F67DE8 /* PBXTargetDependency */,
			);
			name = "BytePad-iOSUITests";
			productName = "BytePad-iOSUITests";
			productReference = 4B01FB801DD7A02100F67DE8 /* BytePad-iOSUITests.xctest */;
			productType = "com.apple.product-type.bundle.ui-testing";
		};
/* End PBXNativeTarget section */

/* Begin PBXProject section */
		4B01FB591DD7A02100F67DE8 /* Project object */ = {
			isa = PBXProject;
			attributes = {
				LastSwiftUpdateCheck = 0810;
				LastUpgradeCheck = 0810;
				ORGANIZATIONNAME = "Software Incubator";
				TargetAttributes = {
					4B01FB601DD7A02100F67DE8 = {
						CreatedOnToolsVersion = 8.1;
						DevelopmentTeam = BF2TK9A67K;
						ProvisioningStyle = Automatic;
					};
					4B01FB741DD7A02100F67DE8 = {
						CreatedOnToolsVersion = 8.1;
						DevelopmentTeam = BF2TK9A67K;
						ProvisioningStyle = Automatic;
						TestTargetID = 4B01FB601DD7A02100F67DE8;
					};
					4B01FB7F1DD7A02100F67DE8 = {
						CreatedOnToolsVersion = 8.1;
						DevelopmentTeam = BF2TK9A67K;
						ProvisioningStyle = Automatic;
						TestTargetID = 4B01FB601DD7A02100F67DE8;
					};
				};
			};
			buildConfigurationList = 4B01FB5C1DD7A02100F67DE8 /* Build configuration list for PBXProject "BytePad-iOS" */;
			compatibilityVersion = "Xcode 3.2";
			developmentRegion = English;
			hasScannedForEncodings = 0;
			knownRegions = (
				en,
				Base,
			);
			mainGroup = 4B01FB581DD7A02100F67DE8;
			productRefGroup = 4B01FB621DD7A02100F67DE8 /* Products */;
			projectDirPath = "";
			projectRoot = "";
			targets = (
				4B01FB601DD7A02100F67DE8 /* BytePad-iOS */,
				4B01FB741DD7A02100F67DE8 /* BytePad-iOSTests */,
				4B01FB7F1DD7A02100F67DE8 /* BytePad-iOSUITests */,
			);
		};
/* End PBXProject section */

/* Begin PBXResourcesBuildPhase section */
		4B01FB5F1DD7A02100F67DE8 /* Resources */ = {
			isa = PBXResourcesBuildPhase;
			buildActionMask = 2147483647;
			files = (
				4B01FB6F1DD7A02100F67DE8 /* LaunchScreen.storyboard in Resources */,
				4B01FB6C1DD7A02100F67DE8 /* Assets.xcassets in Resources */,
				4B01FB6A1DD7A02100F67DE8 /* Main.storyboard in Resources */,
			);
			runOnlyForDeploymentPostprocessing = 0;
		};
		4B01FB731DD7A02100F67DE8 /* Resources */ = {
			isa = PBXResourcesBuildPhase;
			buildActionMask = 2147483647;
			files = (
			);
			runOnlyForDeploymentPostprocessing = 0;
		};
		4B01FB7E1DD7A02100F67DE8 /* Resources */ = {
			isa = PBXResourcesBuildPhase;
			buildActionMask = 2147483647;
			files = (
			);
			runOnlyForDeploymentPostprocessing = 0;
		};
/* End PBXResourcesBuildPhase section */

/* Begin PBXShellScriptBuildPhase section */
		3FA45DA8305A11A3CCE2DFDF /* [CP] Copy Pods Resources */ = {
			isa = PBXShellScriptBuildPhase;
			buildActionMask = 2147483647;
			files = (
			);
			inputPaths = (
			);
			name = "[CP] Copy Pods Resources";
			outputPaths = (
			);
			runOnlyForDeploymentPostprocessing = 0;
			shellPath = /bin/sh;
			shellScript = "\"${SRCROOT}/Pods/Target Support Files/Pods-BytePad-iOS/Pods-BytePad-iOS-resources.sh\"\n";
			showEnvVarsInLog = 0;
		};
		4B01FB981DD7BF3500F67DE8 /* ShellScript */ = {
			isa = PBXShellScriptBuildPhase;
			buildActionMask = 2147483647;
			files = (
			);
			inputPaths = (
			);
			outputPaths = (
			);
			runOnlyForDeploymentPostprocessing = 0;
			shellPath = /bin/sh;
			shellScript = "\"${PODS_ROOT}/Fabric/run\" 181e8e36d7a52e78eb8c6d7bd04b600d38fbc9cd 6568aee176a5535ac3d04bc038965a7237ec0fbefbf9e5491daf746e74a87141\n";
		};
		695E67FD652F53D3952BC188 /* [CP] Embed Pods Frameworks */ = {
			isa = PBXShellScriptBuildPhase;
			buildActionMask = 2147483647;
			files = (
			);
			inputPaths = (
			);
			name = "[CP] Embed Pods Frameworks";
			outputPaths = (
			);
			runOnlyForDeploymentPostprocessing = 0;
			shellPath = /bin/sh;
			shellScript = "\"${SRCROOT}/Pods/Target Support Files/Pods-BytePad-iOS/Pods-BytePad-iOS-frameworks.sh\"\n";
			showEnvVarsInLog = 0;
		};
		80243C56808A8A77E09535B0 /* [CP] Embed Pods Frameworks */ = {
			isa = PBXShellScriptBuildPhase;
			buildActionMask = 2147483647;
			files = (
			);
			inputPaths = (
			);
			name = "[CP] Embed Pods Frameworks";
			outputPaths = (
			);
			runOnlyForDeploymentPostprocessing = 0;
			shellPath = /bin/sh;
			shellScript = "\"${SRCROOT}/Pods/Target Support Files/Pods-BytePad-iOSTests/Pods-BytePad-iOSTests-frameworks.sh\"\n";
			showEnvVarsInLog = 0;
		};
		9412CB96A607DEC26C41C7D5 /* [CP] Copy Pods Resources */ = {
			isa = PBXShellScriptBuildPhase;
			buildActionMask = 2147483647;
			files = (
			);
			inputPaths = (
			);
			name = "[CP] Copy Pods Resources";
			outputPaths = (
			);
			runOnlyForDeploymentPostprocessing = 0;
			shellPath = /bin/sh;
			shellScript = "\"${SRCROOT}/Pods/Target Support Files/Pods-BytePad-iOSTests/Pods-BytePad-iOSTests-resources.sh\"\n";
			showEnvVarsInLog = 0;
		};
		A2BE7A0F8ADAA12C8E012A83 /* [CP] Check Pods Manifest.lock */ = {
			isa = PBXShellScriptBuildPhase;
			buildActionMask = 2147483647;
			files = (
			);
			inputPaths = (
			);
			name = "[CP] Check Pods Manifest.lock";
			outputPaths = (
			);
			runOnlyForDeploymentPostprocessing = 0;
			shellPath = /bin/sh;
			shellScript = "diff \"${PODS_ROOT}/../Podfile.lock\" \"${PODS_ROOT}/Manifest.lock\" > /dev/null\nif [ $? != 0 ] ; then\n    # print error to STDERR\n    echo \"error: The sandbox is not in sync with the Podfile.lock. Run 'pod install' or update your CocoaPods installation.\" >&2\n    exit 1\nfi\n";
			showEnvVarsInLog = 0;
		};
		AED8D422EC444E219953FBDD /* [CP] Copy Pods Resources */ = {
			isa = PBXShellScriptBuildPhase;
			buildActionMask = 2147483647;
			files = (
			);
			inputPaths = (
			);
			name = "[CP] Copy Pods Resources";
			outputPaths = (
			);
			runOnlyForDeploymentPostprocessing = 0;
			shellPath = /bin/sh;
			shellScript = "\"${SRCROOT}/Pods/Target Support Files/Pods-BytePad-iOSUITests/Pods-BytePad-iOSUITests-resources.sh\"\n";
			showEnvVarsInLog = 0;
		};
		CC4CED08B949131DAC54CBA2 /* [CP] Embed Pods Frameworks */ = {
			isa = PBXShellScriptBuildPhase;
			buildActionMask = 2147483647;
			files = (
			);
			inputPaths = (
			);
			name = "[CP] Embed Pods Frameworks";
			outputPaths = (
			);
			runOnlyForDeploymentPostprocessing = 0;
			shellPath = /bin/sh;
			shellScript = "\"${SRCROOT}/Pods/Target Support Files/Pods-BytePad-iOSUITests/Pods-BytePad-iOSUITests-frameworks.sh\"\n";
			showEnvVarsInLog = 0;
		};
		D1ABD41685AE33ACCEDA2B40 /* [CP] Check Pods Manifest.lock */ = {
			isa = PBXShellScriptBuildPhase;
			buildActionMask = 2147483647;
			files = (
			);
			inputPaths = (
			);
			name = "[CP] Check Pods Manifest.lock";
			outputPaths = (
			);
			runOnlyForDeploymentPostprocessing = 0;
			shellPath = /bin/sh;
			shellScript = "diff \"${PODS_ROOT}/../Podfile.lock\" \"${PODS_ROOT}/Manifest.lock\" > /dev/null\nif [ $? != 0 ] ; then\n    # print error to STDERR\n    echo \"error: The sandbox is not in sync with the Podfile.lock. Run 'pod install' or update your CocoaPods installation.\" >&2\n    exit 1\nfi\n";
			showEnvVarsInLog = 0;
		};
		FF4006F28B507FFC30FF95F8 /* [CP] Check Pods Manifest.lock */ = {
			isa = PBXShellScriptBuildPhase;
			buildActionMask = 2147483647;
			files = (
			);
			inputPaths = (
			);
			name = "[CP] Check Pods Manifest.lock";
			outputPaths = (
			);
			runOnlyForDeploymentPostprocessing = 0;
			shellPath = /bin/sh;
			shellScript = "diff \"${PODS_ROOT}/../Podfile.lock\" \"${PODS_ROOT}/Manifest.lock\" > /dev/null\nif [ $? != 0 ] ; then\n    # print error to STDERR\n    echo \"error: The sandbox is not in sync with the Podfile.lock. Run 'pod install' or update your CocoaPods installation.\" >&2\n    exit 1\nfi\n";
			showEnvVarsInLog = 0;
		};
/* End PBXShellScriptBuildPhase section */

/* Begin PBXSourcesBuildPhase section */
		4B01FB5D1DD7A02100F67DE8 /* Sources */ = {
			isa = PBXSourcesBuildPhase;
			buildActionMask = 2147483647;
			files = (
				4B01FB671DD7A02100F67DE8 /* SearchViewController.swift in Sources */,
				4B01FB651DD7A02100F67DE8 /* AppDelegate.swift in Sources */,
				4B01FB971DD7B7AC00F67DE8 /* DownloadsViewController.swift in Sources */,
			);
			runOnlyForDeploymentPostprocessing = 0;
		};
		4B01FB711DD7A02100F67DE8 /* Sources */ = {
			isa = PBXSourcesBuildPhase;
			buildActionMask = 2147483647;
			files = (
				4B01FB7A1DD7A02100F67DE8 /* BytePad_iOSTests.swift in Sources */,
			);
			runOnlyForDeploymentPostprocessing = 0;
		};
		4B01FB7C1DD7A02100F67DE8 /* Sources */ = {
			isa = PBXSourcesBuildPhase;
			buildActionMask = 2147483647;
			files = (
				4B01FB851DD7A02100F67DE8 /* BytePad_iOSUITests.swift in Sources */,
			);
			runOnlyForDeploymentPostprocessing = 0;
		};
/* End PBXSourcesBuildPhase section */

/* Begin PBXTargetDependency section */
		4B01FB771DD7A02100F67DE8 /* PBXTargetDependency */ = {
			isa = PBXTargetDependency;
			target = 4B01FB601DD7A02100F67DE8 /* BytePad-iOS */;
			targetProxy = 4B01FB761DD7A02100F67DE8 /* PBXContainerItemProxy */;
		};
		4B01FB821DD7A02100F67DE8 /* PBXTargetDependency */ = {
			isa = PBXTargetDependency;
			target = 4B01FB601DD7A02100F67DE8 /* BytePad-iOS */;
			targetProxy = 4B01FB811DD7A02100F67DE8 /* PBXContainerItemProxy */;
		};
/* End PBXTargetDependency section */

/* Begin PBXVariantGroup section */
		4B01FB681DD7A02100F67DE8 /* Main.storyboard */ = {
			isa = PBXVariantGroup;
			children = (
				4B01FB691DD7A02100F67DE8 /* Base */,
			);
			name = Main.storyboard;
			sourceTree = "<group>";
		};
		4B01FB6D1DD7A02100F67DE8 /* LaunchScreen.storyboard */ = {
			isa = PBXVariantGroup;
			children = (
				4B01FB6E1DD7A02100F67DE8 /* Base */,
			);
			name = LaunchScreen.storyboard;
			sourceTree = "<group>";
		};
/* End PBXVariantGroup section */

/* Begin XCBuildConfiguration section */
		4B01FB871DD7A02100F67DE8 /* Debug */ = {
			isa = XCBuildConfiguration;
			buildSettings = {
				ALWAYS_SEARCH_USER_PATHS = NO;
				CLANG_ANALYZER_NONNULL = YES;
				CLANG_CXX_LANGUAGE_STANDARD = "gnu++0x";
				CLANG_CXX_LIBRARY = "libc++";
				CLANG_ENABLE_MODULES = YES;
				CLANG_ENABLE_OBJC_ARC = YES;
				CLANG_WARN_BOOL_CONVERSION = YES;
				CLANG_WARN_CONSTANT_CONVERSION = YES;
				CLANG_WARN_DIRECT_OBJC_ISA_USAGE = YES_ERROR;
				CLANG_WARN_DOCUMENTATION_COMMENTS = YES;
				CLANG_WARN_EMPTY_BODY = YES;
				CLANG_WARN_ENUM_CONVERSION = YES;
				CLANG_WARN_INFINITE_RECURSION = YES;
				CLANG_WARN_INT_CONVERSION = YES;
				CLANG_WARN_OBJC_ROOT_CLASS = YES_ERROR;
				CLANG_WARN_SUSPICIOUS_MOVES = YES;
				CLANG_WARN_UNREACHABLE_CODE = YES;
				CLANG_WARN__DUPLICATE_METHOD_MATCH = YES;
				"CODE_SIGN_IDENTITY[sdk=iphoneos*]" = "iPhone Developer";
				COPY_PHASE_STRIP = NO;
				DEBUG_INFORMATION_FORMAT = dwarf;
				ENABLE_STRICT_OBJC_MSGSEND = YES;
				ENABLE_TESTABILITY = YES;
				GCC_C_LANGUAGE_STANDARD = gnu99;
				GCC_DYNAMIC_NO_PIC = NO;
				GCC_NO_COMMON_BLOCKS = YES;
				GCC_OPTIMIZATION_LEVEL = 0;
				GCC_PREPROCESSOR_DEFINITIONS = (
					"DEBUG=1",
					"$(inherited)",
				);
				GCC_WARN_64_TO_32_BIT_CONVERSION = YES;
				GCC_WARN_ABOUT_RETURN_TYPE = YES_ERROR;
				GCC_WARN_UNDECLARED_SELECTOR = YES;
				GCC_WARN_UNINITIALIZED_AUTOS = YES_AGGRESSIVE;
				GCC_WARN_UNUSED_FUNCTION = YES;
				GCC_WARN_UNUSED_VARIABLE = YES;
				IPHONEOS_DEPLOYMENT_TARGET = 10.1;
				MTL_ENABLE_DEBUG_INFO = YES;
				ONLY_ACTIVE_ARCH = YES;
				SDKROOT = iphoneos;
				SWIFT_ACTIVE_COMPILATION_CONDITIONS = DEBUG;
				SWIFT_OPTIMIZATION_LEVEL = "-Onone";
				TARGETED_DEVICE_FAMILY = "1,2";
			};
			name = Debug;
		};
		4B01FB881DD7A02100F67DE8 /* Release */ = {
			isa = XCBuildConfiguration;
			buildSettings = {
				ALWAYS_SEARCH_USER_PATHS = NO;
				CLANG_ANALYZER_NONNULL = YES;
				CLANG_CXX_LANGUAGE_STANDARD = "gnu++0x";
				CLANG_CXX_LIBRARY = "libc++";
				CLANG_ENABLE_MODULES = YES;
				CLANG_ENABLE_OBJC_ARC = YES;
				CLANG_WARN_BOOL_CONVERSION = YES;
				CLANG_WARN_CONSTANT_CONVERSION = YES;
				CLANG_WARN_DIRECT_OBJC_ISA_USAGE = YES_ERROR;
				CLANG_WARN_DOCUMENTATION_COMMENTS = YES;
				CLANG_WARN_EMPTY_BODY = YES;
				CLANG_WARN_ENUM_CONVERSION = YES;
				CLANG_WARN_INFINITE_RECURSION = YES;
				CLANG_WARN_INT_CONVERSION = YES;
				CLANG_WARN_OBJC_ROOT_CLASS = YES_ERROR;
				CLANG_WARN_SUSPICIOUS_MOVES = YES;
				CLANG_WARN_UNREACHABLE_CODE = YES;
				CLANG_WARN__DUPLICATE_METHOD_MATCH = YES;
				"CODE_SIGN_IDENTITY[sdk=iphoneos*]" = "iPhone Developer";
				COPY_PHASE_STRIP = NO;
				DEBUG_INFORMATION_FORMAT = "dwarf-with-dsym";
				ENABLE_NS_ASSERTIONS = NO;
				ENABLE_STRICT_OBJC_MSGSEND = YES;
				GCC_C_LANGUAGE_STANDARD = gnu99;
				GCC_NO_COMMON_BLOCKS = YES;
				GCC_WARN_64_TO_32_BIT_CONVERSION = YES;
				GCC_WARN_ABOUT_RETURN_TYPE = YES_ERROR;
				GCC_WARN_UNDECLARED_SELECTOR = YES;
				GCC_WARN_UNINITIALIZED_AUTOS = YES_AGGRESSIVE;
				GCC_WARN_UNUSED_FUNCTION = YES;
				GCC_WARN_UNUSED_VARIABLE = YES;
				IPHONEOS_DEPLOYMENT_TARGET = 10.1;
				MTL_ENABLE_DEBUG_INFO = NO;
				SDKROOT = iphoneos;
				SWIFT_OPTIMIZATION_LEVEL = "-Owholemodule";
				TARGETED_DEVICE_FAMILY = "1,2";
				VALIDATE_PRODUCT = YES;
			};
			name = Release;
		};
		4B01FB8A1DD7A02100F67DE8 /* Debug */ = {
			isa = XCBuildConfiguration;
			baseConfigurationReference = 70543745A141FC55E3307497 /* Pods-BytePad-iOS.debug.xcconfig */;
			buildSettings = {
				ASSETCATALOG_COMPILER_APPICON_NAME = AppIcon;
				DEVELOPMENT_TEAM = BF2TK9A67K;
				INFOPLIST_FILE = "BytePad-iOS/Info.plist";
				LD_RUNPATH_SEARCH_PATHS = "$(inherited) @executable_path/Frameworks";
				PRODUCT_BUNDLE_IDENTIFIER = "in.silive.BytePad-iOS";
				PRODUCT_NAME = "$(TARGET_NAME)";
				SWIFT_VERSION = 3.0;
			};
			name = Debug;
		};
		4B01FB8B1DD7A02100F67DE8 /* Release */ = {
			isa = XCBuildConfiguration;
			baseConfigurationReference = 812607964D64FC76116CC081 /* Pods-BytePad-iOS.release.xcconfig */;
			buildSettings = {
				ASSETCATALOG_COMPILER_APPICON_NAME = AppIcon;
				DEVELOPMENT_TEAM = BF2TK9A67K;
				INFOPLIST_FILE = "BytePad-iOS/Info.plist";
				LD_RUNPATH_SEARCH_PATHS = "$(inherited) @executable_path/Frameworks";
				PRODUCT_BUNDLE_IDENTIFIER = "in.silive.BytePad-iOS";
				PRODUCT_NAME = "$(TARGET_NAME)";
				SWIFT_VERSION = 3.0;
			};
			name = Release;
		};
		4B01FB8D1DD7A02100F67DE8 /* Debug */ = {
			isa = XCBuildConfiguration;
			baseConfigurationReference = 7135D85C5FD18124E2F76DCF /* Pods-BytePad-iOSTests.debug.xcconfig */;
			buildSettings = {
				ALWAYS_EMBED_SWIFT_STANDARD_LIBRARIES = YES;
				BUNDLE_LOADER = "$(TEST_HOST)";
				DEVELOPMENT_TEAM = BF2TK9A67K;
				INFOPLIST_FILE = "BytePad-iOSTests/Info.plist";
				LD_RUNPATH_SEARCH_PATHS = "$(inherited) @executable_path/Frameworks @loader_path/Frameworks";
				PRODUCT_BUNDLE_IDENTIFIER = "in.silive.BytePad-iOSTests";
				PRODUCT_NAME = "$(TARGET_NAME)";
				SWIFT_VERSION = 3.0;
				TEST_HOST = "$(BUILT_PRODUCTS_DIR)/BytePad-iOS.app/BytePad-iOS";
			};
			name = Debug;
		};
		4B01FB8E1DD7A02100F67DE8 /* Release */ = {
			isa = XCBuildConfiguration;
			baseConfigurationReference = B808206CCBE2D360E1DEC557 /* Pods-BytePad-iOSTests.release.xcconfig */;
			buildSettings = {
				ALWAYS_EMBED_SWIFT_STANDARD_LIBRARIES = YES;
				BUNDLE_LOADER = "$(TEST_HOST)";
				DEVELOPMENT_TEAM = BF2TK9A67K;
				INFOPLIST_FILE = "BytePad-iOSTests/Info.plist";
				LD_RUNPATH_SEARCH_PATHS = "$(inherited) @executable_path/Frameworks @loader_path/Frameworks";
				PRODUCT_BUNDLE_IDENTIFIER = "in.silive.BytePad-iOSTests";
				PRODUCT_NAME = "$(TARGET_NAME)";
				SWIFT_VERSION = 3.0;
				TEST_HOST = "$(BUILT_PRODUCTS_DIR)/BytePad-iOS.app/BytePad-iOS";
			};
			name = Release;
		};
		4B01FB901DD7A02100F67DE8 /* Debug */ = {
			isa = XCBuildConfiguration;
			baseConfigurationReference = 24634768B1775B4D79986509 /* Pods-BytePad-iOSUITests.debug.xcconfig */;
			buildSettings = {
				ALWAYS_EMBED_SWIFT_STANDARD_LIBRARIES = YES;
				DEVELOPMENT_TEAM = BF2TK9A67K;
				INFOPLIST_FILE = "BytePad-iOSUITests/Info.plist";
				LD_RUNPATH_SEARCH_PATHS = "$(inherited) @executable_path/Frameworks @loader_path/Frameworks";
				PRODUCT_BUNDLE_IDENTIFIER = "in.silive.BytePad-iOSUITests";
				PRODUCT_NAME = "$(TARGET_NAME)";
				SWIFT_VERSION = 3.0;
				TEST_TARGET_NAME = "BytePad-iOS";
			};
			name = Debug;
		};
		4B01FB911DD7A02100F67DE8 /* Release */ = {
			isa = XCBuildConfiguration;
			baseConfigurationReference = 4EDBFE5985152309C9B2A594 /* Pods-BytePad-iOSUITests.release.xcconfig */;
			buildSettings = {
				ALWAYS_EMBED_SWIFT_STANDARD_LIBRARIES = YES;
				DEVELOPMENT_TEAM = BF2TK9A67K;
				INFOPLIST_FILE = "BytePad-iOSUITests/Info.plist";
				LD_RUNPATH_SEARCH_PATHS = "$(inherited) @executable_path/Frameworks @loader_path/Frameworks";
				PRODUCT_BUNDLE_IDENTIFIER = "in.silive.BytePad-iOSUITests";
				PRODUCT_NAME = "$(TARGET_NAME)";
				SWIFT_VERSION = 3.0;
				TEST_TARGET_NAME = "BytePad-iOS";
			};
			name = Release;
		};
/* End XCBuildConfiguration section */

/* Begin XCConfigurationList section */
		4B01FB5C1DD7A02100F67DE8 /* Build configuration list for PBXProject "BytePad-iOS" */ = {
			isa = XCConfigurationList;
			buildConfigurations = (
				4B01FB871DD7A02100F67DE8 /* Debug */,
				4B01FB881DD7A02100F67DE8 /* Release */,
			);
			defaultConfigurationIsVisible = 0;
			defaultConfigurationName = Release;
		};
		4B01FB891DD7A02100F67DE8 /* Build configuration list for PBXNativeTarget "BytePad-iOS" */ = {
			isa = XCConfigurationList;
			buildConfigurations = (
				4B01FB8A1DD7A02100F67DE8 /* Debug */,
				4B01FB8B1DD7A02100F67DE8 /* Release */,
			);
			defaultConfigurationIsVisible = 0;
			defaultConfigurationName = Release;
		};
		4B01FB8C1DD7A02100F67DE8 /* Build configuration list for PBXNativeTarget "BytePad-iOSTests" */ = {
			isa = XCConfigurationList;
			buildConfigurations = (
				4B01FB8D1DD7A02100F67DE8 /* Debug */,
				4B01FB8E1DD7A02100F67DE8 /* Release */,
			);
			defaultConfigurationIsVisible = 0;
			defaultConfigurationName = Release;
		};
		4B01FB8F1DD7A02100F67DE8 /* Build configuration list for PBXNativeTarget "BytePad-iOSUITests" */ = {
			isa = XCConfigurationList;
			buildConfigurations = (
				4B01FB901DD7A02100F67DE8 /* Debug */,
				4B01FB911DD7A02100F67DE8 /* Release */,
			);
			defaultConfigurationIsVisible = 0;
			defaultConfigurationName = Release;
		};
/* End XCConfigurationList section */
	};
	rootObject = 4B01FB591DD7A02100F67DE8 /* Project object */;
}
